
Microsoft Visual Studio Solution File, Format Version 12.00
# Visual Studio 15
VisualStudioVersion = 15.0.26430.6
MinimumVisualStudioVersion = 10.0.40219.1
Project("{8BC9CEB8-8B4A-11D0-8D11-00A0C91BC942}") = "7-ds-b11", "7-ds-b11\7-ds-b11.vcxproj", "{8C12AF36-7698-48E5-B31E-5CC2D0738D90}"
EndProject
Project("{8BC9CEB8-8B4A-11D0-8D11-00A0C91BC942}") = "9-2", "9-2\9-2.vcxproj", "{153DDCE1-3633-4FAD-B6DB-A24F78FFDB05}"
EndProject
Project("{8BC9CEB8-8B4A-11D0-8D11-00A0C91BC942}") = "9-3", "9-3\9-3.vcxproj", "{8D8AC971-9F52-44CC-AE87-81691B83B450}"
EndProject
Project("{8BC9CEB8-8B4A-11D0-8D11-00A0C91BC942}") = "9-4-1", "9-4-1\9-4-1.vcxproj", "{D8F54CBB-62D0-48DE-8713-FC836539CF22}"
EndProject
Project("{8BC9CEB8-8B4A-11D0-8D11-00A0C91BC942}") = "9-4-2", "9-4-2\9-4-2.vcxproj", "{1F7E3552-1CA3-4D57-902E-490B3658AFB2}"
EndProject
Project("{8BC9CEB8-8B4A-11D0-8D11-00A0C91BC942}") = "9-6", "9-6\9-6.vcxproj", "{924EBC56-0D67-4529-AC27-14731116D0F1}"
EndProject
Project("{8BC9CEB8-8B4A-11D0-8D11-00A0C91BC942}") = "9-8", "9-8\9-8.vcxproj", "{22779231-1F60-4750-AFD3-04ADA68FC2E7}"
EndProject
Project("{8BC9CEB8-8B4A-11D0-8D11-00A0C91BC942}") = "9-10", "9-10\9-10.vcxproj", "{B7F33467-C8C7-478D-9E65-F676E6A92320}"
EndProject
Project("{8BC9CEB8-8B4A-11D0-8D11-00A0C91BC942}") = "9-11", "9-11\9-11.vcxproj", "{E82118DA-1300-4F81-A98C-5D8E3B28B33B}"
EndProject
Global
	GlobalSection(SolutionConfigurationPlatforms) = preSolution
		Debug|x64 = Debug|x64
		Debug|x86 = Debug|x86
		Release|x64 = Release|x64
		Release|x86 = Release|x86
	EndGlobalSection
	GlobalSection(ProjectConfigurationPlatforms) = postSolution
		{8C12AF36-7698-48E5-B31E-5CC2D0738D90}.Debug|x64.ActiveCfg = Debug|x64
		{8C12AF36-7698-48E5-B31E-5CC2D0738D90}.Debug|x64.Build.0 = Debug|x64
		{8C12AF36-7698-48E5-B31E-5CC2D0738D90}.Debug|x86.ActiveCfg = Debug|Win32
		{8C12AF36-7698-48E5-B31E-5CC2D0738D90}.Debug|x86.Build.0 = Debug|Win32
		{8C12AF36-7698-48E5-B31E-5CC2D0738D90}.Release|x64.ActiveCfg = Release|x64
		{8C12AF36-7698-48E5-B31E-5CC2D0738D90}.Release|x64.Build.0 = Release|x64
		{8C12AF36-7698-48E5-B31E-5CC2D0738D90}.Release|x86.ActiveCfg = Release|Win32
		{8C12AF36-7698-48E5-B31E-5CC2D0738D90}.Release|x86.Build.0 = Release|Win32
		{153DDCE1-3633-4FAD-B6DB-A24F78FFDB05}.Debug|x64.ActiveCfg = Debug|x64
		{153DDCE1-3633-4FAD-B6DB-A24F78FFDB05}.Debug|x64.Build.0 = Debug|x64
		{153DDCE1-3633-4FAD-B6DB-A24F78FFDB05}.Debug|x86.ActiveCfg = Debug|Win32
		{153DDCE1-3633-4FAD-B6DB-A24F78FFDB05}.Debug|x86.Build.0 = Debug|Win32
		{153DDCE1-3633-4FAD-B6DB-A24F78FFDB05}.Release|x64.ActiveCfg = Release|x64
		{153DDCE1-3633-4FAD-B6DB-A24F78FFDB05}.Release|x64.Build.0 = Release|x64
		{153DDCE1-3633-4FAD-B6DB-A24F78FFDB05}.Release|x86.ActiveCfg = Release|Win32
		{153DDCE1-3633-4FAD-B6DB-A24F78FFDB05}.Release|x86.Build.0 = Release|Win32
		{8D8AC971-9F52-44CC-AE87-81691B83B450}.Debug|x64.ActiveCfg = Debug|x64
		{8D8AC971-9F52-44CC-AE87-81691B83B450}.Debug|x64.Build.0 = Debug|x64
		{8D8AC971-9F52-44CC-AE87-81691B83B450}.Debug|x86.ActiveCfg = Debug|Win32
		{8D8AC971-9F52-44CC-AE87-81691B83B450}.Debug|x86.Build.0 = Debug|Win32
		{8D8AC971-9F52-44CC-AE87-81691B83B450}.Release|x64.ActiveCfg = Release|x64
		{8D8AC971-9F52-44CC-AE87-81691B83B450}.Release|x64.Build.0 = Release|x64
		{8D8AC971-9F52-44CC-AE87-81691B83B450}.Release|x86.ActiveCfg = Release|Win32
		{8D8AC971-9F52-44CC-AE87-81691B83B450}.Release|x86.Build.0 = Release|Win32
		{D8F54CBB-62D0-48DE-8713-FC836539CF22}.Debug|x64.ActiveCfg = Debug|x64
		{D8F54CBB-62D0-48DE-8713-FC836539CF22}.Debug|x64.Build.0 = Debug|x64
		{D8F54CBB-62D0-48DE-8713-FC836539CF22}.Debug|x86.ActiveCfg = Debug|Win32
		{D8F54CBB-62D0-48DE-8713-FC836539CF22}.Debug|x86.Build.0 = Debug|Win32
		{D8F54CBB-62D0-48DE-8713-FC836539CF22}.Release|x64.ActiveCfg = Release|x64
		{D8F54CBB-62D0-48DE-8713-FC836539CF22}.Release|x64.Build.0 = Release|x64
		{D8F54CBB-62D0-48DE-8713-FC836539CF22}.Release|x86.ActiveCfg = Release|Win32
		{D8F54CBB-62D0-48DE-8713-FC836539CF22}.Release|x86.Build.0 = Release|Win32
		{1F7E3552-1CA3-4D57-902E-490B3658AFB2}.Debug|x64.ActiveCfg = Debug|x64
		{1F7E3552-1CA3-4D57-902E-490B3658AFB2}.Debug|x64.Build.0 = Debug|x64
		{1F7E3552-1CA3-4D57-902E-490B3658AFB2}.Debug|x86.ActiveCfg = Debug|Win32
		{1F7E3552-1CA3-4D57-902E-490B3658AFB2}.Debug|x86.Build.0 = Debug|Win32
		{1F7E3552-1CA3-4D57-902E-490B3658AFB2}.Release|x64.ActiveCfg = Release|x64
		{1F7E3552-1CA3-4D57-902E-490B3658AFB2}.Release|x64.Build.0 = Release|x64
		{1F7E3552-1CA3-4D57-902E-490B3658AFB2}.Release|x86.ActiveCfg = Release|Win32
		{1F7E3552-1CA3-4D57-902E-490B3658AFB2}.Release|x86.Build.0 = Release|Win32
		{924EBC56-0D67-4529-AC27-14731116D0F1}.Debug|x64.ActiveCfg = Debug|x64
		{924EBC56-0D67-4529-AC27-14731116D0F1}.Debug|x64.Build.0 = Debug|x64
		{924EBC56-0D67-4529-AC27-14731116D0F1}.Debug|x86.ActiveCfg = Debug|Win32
		{924EBC56-0D67-4529-AC27-14731116D0F1}.Debug|x86.Build.0 = Debug|Win32
		{924EBC56-0D67-4529-AC27-14731116D0F1}.Release|x64.ActiveCfg = Release|x64
		{924EBC56-0D67-4529-AC27-14731116D0F1}.Release|x64.Build.0 = Release|x64
		{924EBC56-0D67-4529-AC27-14731116D0F1}.Release|x86.ActiveCfg = Release|Win32
		{924EBC56-0D67-4529-AC27-14731116D0F1}.Release|x86.Build.0 = Release|Win32
		{22779231-1F60-4750-AFD3-04ADA68FC2E7}.Debug|x64.ActiveCfg = Debug|x64
		{22779231-1F60-4750-AFD3-04ADA68FC2E7}.Debug|x64.Build.0 = Debug|x64
		{22779231-1F60-4750-AFD3-04ADA68FC2E7}.Debug|x86.ActiveCfg = Debug|Win32
		{22779231-1F60-4750-AFD3-04ADA68FC2E7}.Debug|x86.Build.0 = Debug|Win32
		{22779231-1F60-4750-AFD3-04ADA68FC2E7}.Release|x64.ActiveCfg = Release|x64
		{22779231-1F60-4750-AFD3-04ADA68FC2E7}.Release|x64.Build.0 = Release|x64
		{22779231-1F60-4750-AFD3-04ADA68FC2E7}.Release|x86.ActiveCfg = Release|Win32
		{22779231-1F60-4750-AFD3-04ADA68FC2E7}.Release|x86.Build.0 = Release|Win32
		{B7F33467-C8C7-478D-9E65-F676E6A92320}.Debug|x64.ActiveCfg = Debug|x64
		{B7F33467-C8C7-478D-9E65-F676E6A92320}.Debug|x64.Build.0 = Debug|x64
		{B7F33467-C8C7-478D-9E65-F676E6A92320}.Debug|x86.ActiveCfg = Debug|Win32
		{B7F33467-C8C7-478D-9E65-F676E6A92320}.Debug|x86.Build.0 = Debug|Win32
		{B7F33467-C8C7-478D-9E65-F676E6A92320}.Release|x64.ActiveCfg = Release|x64
		{B7F33467-C8C7-478D-9E65-F676E6A92320}.Release|x64.Build.0 = Release|x64
		{B7F33467-C8C7-478D-9E65-F676E6A92320}.Release|x86.ActiveCfg = Release|Win32
		{B7F33467-C8C7-478D-9E65-F676E6A92320}.Release|x86.Build.0 = Release|Win32
		{E82118DA-1300-4F81-A98C-5D8E3B28B33B}.Debug|x64.ActiveCfg = Debug|x64
		{E82118DA-1300-4F81-A98C-5D8E3B28B33B}.Debug|x64.Build.0 = Debug|x64
		{E82118DA-1300-4F81-A98C-5D8E3B28B33B}.Debug|x86.ActiveCfg = Debug|Win32
		{E82118DA-1300-4F81-A98C-5D8E3B28B33B}.Debug|x86.Build.0 = Debug|Win32
		{E82118DA-1300-4F81-A98C-5D8E3B28B33B}.Release|x64.ActiveCfg = Release|x64
		{E82118DA-1300-4F81-A98C-5D8E3B28B33B}.Release|x64.Build.0 = Release|x64
		{E82118DA-1300-4F81-A98C-5D8E3B28B33B}.Release|x86.ActiveCfg = Release|Win32
		{E82118DA-1300-4F81-A98C-5D8E3B28B33B}.Release|x86.Build.0 = Release|Win32
	EndGlobalSection
	GlobalSection(SolutionProperties) = preSolution
		HideSolutionNode = FALSE
	EndGlobalSection
EndGlobal
