
Microsoft Visual Studio Solution File, Format Version 12.00
# Visual Studio 15
VisualStudioVersion = 15.0.26430.6
MinimumVisualStudioVersion = 10.0.40219.1
Project("{8BC9CEB8-8B4A-11D0-8D11-00A0C91BC942}") = "7-ds-b11", "7-ds-b11\7-ds-b11.vcxproj", "{8C12AF36-7698-48E5-B31E-5CC2D0738D90}"
EndProject
Project("{8BC9CEB8-8B4A-11D0-8D11-00A0C91BC942}") = "9-2", "9-2\9-2.vcxproj", "{153DDCE1-3633-4FAD-B6DB-A24F78FFDB05}"
EndProject
Project("{8BC9CEB8-8B4A-11D0-8D11-00A0C91BC942}") = "9-3", "9-3\9-3.vcxproj", "{8D8AC971-9F52-44CC-AE87-81691B83B450}"
EndProject
Project("{8BC9CEB8-8B4A-11D0-8D11-00A0C91BC942}") = "9-4-1", "9-4-1\9-4-1.vcxproj", "{D8F54CBB-62D0-48DE-8713-FC836539CF22}"
EndProject
Project("{8BC9CEB8-8B4A-11D0-8D11-00A0C91BC942}") = "9-4-2", "9-4-2\9-4-2.vcxproj", "{1F7E3552-1CA3-4D57-902E-490B3658AFB2}"
EndProject
Project("{8BC9CEB8-8B4A-11D0-8D11-00A0C91BC942}") = "9-6", "9-6\9-6.vcxproj", "{924EBC56-0D67-4529-AC27-14731116D0F1}"
EndProject
Project("{8BC9CEB8-8B4A-11D0-8D11-00A0C91BC942}") = "9-8", "9-8\9-8.vcxproj", "{22779231-1F60-4750-AFD3-04ADA68FC2E7}"
EndProject
Project("{8BC9CEB8-8B4A-11D0-8D11-00A0C91BC942}") = "9-10", "9-10\9-10.vcxproj", "{B7F33467-C8C7-478D-9E65-F676E6A92320}"
EndProject
Project("{8BC9CEB8-8B4A-11D0-8D11-00A0C91BC942}") = "9-11", "9-11\9-11.vcxproj", "{E82118DA-1300-4F81-A98C-5D8E3B28B33B}"
EndProject
Project("{8BC9CEB8-8B4A-11D0-8D11-00A0C91BC942}") = "9-b1", "9-b1\9-b1.vcxproj", "{35AC3DF9-63BB-4AA0-86BA-82E4C5C5804C}"
EndProject
Project("{8BC9CEB8-8B4A-11D0-8D11-00A0C91BC942}") = "9-b2-1", "9-b2-1\9-b2-1.vcxproj", "{E94EE62E-3C7B-43BF-B6CE-B25BF546C496}"
EndProject
Project("{8BC9CEB8-8B4A-11D0-8D11-00A0C91BC942}") = "9-b2-2", "9-b2-2\9-b2-2.vcxproj", "{97E74B4F-5E57-4582-912C-26F475650981}"
EndProject
Project("{8BC9CEB8-8B4A-11D0-8D11-00A0C91BC942}") = "9-b3", "9-b3\9-b3.vcxproj", "{C5A627D1-221A-47D6-B929-F5A677A0CFAA}"
EndProject
Project("{8BC9CEB8-8B4A-11D0-8D11-00A0C91BC942}") = "7-ds-b11-2", "7-ds-b11-2\7-ds-b11-2.vcxproj", "{02F7E7CA-ECA9-4EC0-9381-6DAE18AD7BE6}"
EndProject
Project("{8BC9CEB8-8B4A-11D0-8D11-00A0C91BC942}") = "10-4-1", "10-4-1\10-4-1.vcxproj", "{9294B6E5-3A1D-4D44-8280-E5F751962F87}"
EndProject
Project("{8BC9CEB8-8B4A-11D0-8D11-00A0C91BC942}") = "10-4-2", "10-4-2\10-4-2.vcxproj", "{D1C1BCE1-73E9-4015-BC04-77E03639F4EC}"
EndProject
Project("{8BC9CEB8-8B4A-11D0-8D11-00A0C91BC942}") = "10-5", "10-5\10-5.vcxproj", "{0D1236A1-4EED-41FB-8D53-CB6ECD9F44AB}"
EndProject
Project("{8BC9CEB8-8B4A-11D0-8D11-00A0C91BC942}") = "10-b2", "10-b2\10-b2.vcxproj", "{9F9B6F39-06A6-44E2-AABD-DB119F5D1705}"
EndProject
Project("{8BC9CEB8-8B4A-11D0-8D11-00A0C91BC942}") = "1-8_归档", "1-8_归档\1-8_归档.vcxproj", "{1B6DAA80-01A5-4113-AC32-04650C20FEB9}"
EndProject
Project("{8BC9CEB8-8B4A-11D0-8D11-00A0C91BC942}") = "10-b3", "10-b3\10-b3.vcxproj", "{112C23AD-BB00-4729-9EC9-5F81DCACE7A9}"
EndProject
Project("{8BC9CEB8-8B4A-11D0-8D11-00A0C91BC942}") = "11-1", "11-1\11-1.vcxproj", "{46742442-B043-4C07-BC65-A97C6B99C77E}"
EndProject
Project("{8BC9CEB8-8B4A-11D0-8D11-00A0C91BC942}") = "11-2", "11-2\11-2.vcxproj", "{2C228DBF-CAFF-4CE8-B601-33BB1B1787E1}"
EndProject
Project("{8BC9CEB8-8B4A-11D0-8D11-00A0C91BC942}") = "11-3", "11-3\11-3.vcxproj", "{F0779062-71B7-49D8-AF5C-3B658E239303}"
EndProject
Project("{8BC9CEB8-8B4A-11D0-8D11-00A0C91BC942}") = "11-4", "11-4\11-4.vcxproj", "{15A6C20D-800C-453E-8B52-875A54ED2C60}"
EndProject
Project("{8BC9CEB8-8B4A-11D0-8D11-00A0C91BC942}") = "11-9", "11-9\11-9.vcxproj", "{38969F3A-595C-455B-99FF-83C09E346AA6}"
EndProject
Project("{8BC9CEB8-8B4A-11D0-8D11-00A0C91BC942}") = "11-10", "11-10\11-10.vcxproj", "{AC469D0F-8492-4C9E-9A38-83799F73DE17}"
EndProject
Project("{8BC9CEB8-8B4A-11D0-8D11-00A0C91BC942}") = "11-b1", "11-b1\11-b1.vcxproj", "{14F3287D-7B46-4854-AAFC-CE6E3B568BAB}"
EndProject
Global
	GlobalSection(SolutionConfigurationPlatforms) = preSolution
		Debug|x64 = Debug|x64
		Debug|x86 = Debug|x86
		Release|x64 = Release|x64
		Release|x86 = Release|x86
	EndGlobalSection
	GlobalSection(ProjectConfigurationPlatforms) = postSolution
		{8C12AF36-7698-48E5-B31E-5CC2D0738D90}.Debug|x64.ActiveCfg = Debug|x64
		{8C12AF36-7698-48E5-B31E-5CC2D0738D90}.Debug|x64.Build.0 = Debug|x64
		{8C12AF36-7698-48E5-B31E-5CC2D0738D90}.Debug|x86.ActiveCfg = Debug|Win32
		{8C12AF36-7698-48E5-B31E-5CC2D0738D90}.Debug|x86.Build.0 = Debug|Win32
		{8C12AF36-7698-48E5-B31E-5CC2D0738D90}.Release|x64.ActiveCfg = Release|x64
		{8C12AF36-7698-48E5-B31E-5CC2D0738D90}.Release|x64.Build.0 = Release|x64
		{8C12AF36-7698-48E5-B31E-5CC2D0738D90}.Release|x86.ActiveCfg = Release|Win32
		{8C12AF36-7698-48E5-B31E-5CC2D0738D90}.Release|x86.Build.0 = Release|Win32
		{153DDCE1-3633-4FAD-B6DB-A24F78FFDB05}.Debug|x64.ActiveCfg = Debug|x64
		{153DDCE1-3633-4FAD-B6DB-A24F78FFDB05}.Debug|x64.Build.0 = Debug|x64
		{153DDCE1-3633-4FAD-B6DB-A24F78FFDB05}.Debug|x86.ActiveCfg = Debug|Win32
		{153DDCE1-3633-4FAD-B6DB-A24F78FFDB05}.Debug|x86.Build.0 = Debug|Win32
		{153DDCE1-3633-4FAD-B6DB-A24F78FFDB05}.Release|x64.ActiveCfg = Release|x64
		{153DDCE1-3633-4FAD-B6DB-A24F78FFDB05}.Release|x64.Build.0 = Release|x64
		{153DDCE1-3633-4FAD-B6DB-A24F78FFDB05}.Release|x86.ActiveCfg = Release|Win32
		{153DDCE1-3633-4FAD-B6DB-A24F78FFDB05}.Release|x86.Build.0 = Release|Win32
		{8D8AC971-9F52-44CC-AE87-81691B83B450}.Debug|x64.ActiveCfg = Debug|x64
		{8D8AC971-9F52-44CC-AE87-81691B83B450}.Debug|x64.Build.0 = Debug|x64
		{8D8AC971-9F52-44CC-AE87-81691B83B450}.Debug|x86.ActiveCfg = Debug|Win32
		{8D8AC971-9F52-44CC-AE87-81691B83B450}.Debug|x86.Build.0 = Debug|Win32
		{8D8AC971-9F52-44CC-AE87-81691B83B450}.Release|x64.ActiveCfg = Release|x64
		{8D8AC971-9F52-44CC-AE87-81691B83B450}.Release|x64.Build.0 = Release|x64
		{8D8AC971-9F52-44CC-AE87-81691B83B450}.Release|x86.ActiveCfg = Release|Win32
		{8D8AC971-9F52-44CC-AE87-81691B83B450}.Release|x86.Build.0 = Release|Win32
		{D8F54CBB-62D0-48DE-8713-FC836539CF22}.Debug|x64.ActiveCfg = Debug|x64
		{D8F54CBB-62D0-48DE-8713-FC836539CF22}.Debug|x64.Build.0 = Debug|x64
		{D8F54CBB-62D0-48DE-8713-FC836539CF22}.Debug|x86.ActiveCfg = Debug|Win32
		{D8F54CBB-62D0-48DE-8713-FC836539CF22}.Debug|x86.Build.0 = Debug|Win32
		{D8F54CBB-62D0-48DE-8713-FC836539CF22}.Release|x64.ActiveCfg = Release|x64
		{D8F54CBB-62D0-48DE-8713-FC836539CF22}.Release|x64.Build.0 = Release|x64
		{D8F54CBB-62D0-48DE-8713-FC836539CF22}.Release|x86.ActiveCfg = Release|Win32
		{D8F54CBB-62D0-48DE-8713-FC836539CF22}.Release|x86.Build.0 = Release|Win32
		{1F7E3552-1CA3-4D57-902E-490B3658AFB2}.Debug|x64.ActiveCfg = Debug|x64
		{1F7E3552-1CA3-4D57-902E-490B3658AFB2}.Debug|x64.Build.0 = Debug|x64
		{1F7E3552-1CA3-4D57-902E-490B3658AFB2}.Debug|x86.ActiveCfg = Debug|Win32
		{1F7E3552-1CA3-4D57-902E-490B3658AFB2}.Debug|x86.Build.0 = Debug|Win32
		{1F7E3552-1CA3-4D57-902E-490B3658AFB2}.Release|x64.ActiveCfg = Release|x64
		{1F7E3552-1CA3-4D57-902E-490B3658AFB2}.Release|x64.Build.0 = Release|x64
		{1F7E3552-1CA3-4D57-902E-490B3658AFB2}.Release|x86.ActiveCfg = Release|Win32
		{1F7E3552-1CA3-4D57-902E-490B3658AFB2}.Release|x86.Build.0 = Release|Win32
		{924EBC56-0D67-4529-AC27-14731116D0F1}.Debug|x64.ActiveCfg = Debug|x64
		{924EBC56-0D67-4529-AC27-14731116D0F1}.Debug|x64.Build.0 = Debug|x64
		{924EBC56-0D67-4529-AC27-14731116D0F1}.Debug|x86.ActiveCfg = Debug|Win32
		{924EBC56-0D67-4529-AC27-14731116D0F1}.Debug|x86.Build.0 = Debug|Win32
		{924EBC56-0D67-4529-AC27-14731116D0F1}.Release|x64.ActiveCfg = Release|x64
		{924EBC56-0D67-4529-AC27-14731116D0F1}.Release|x64.Build.0 = Release|x64
		{924EBC56-0D67-4529-AC27-14731116D0F1}.Release|x86.ActiveCfg = Release|Win32
		{924EBC56-0D67-4529-AC27-14731116D0F1}.Release|x86.Build.0 = Release|Win32
		{22779231-1F60-4750-AFD3-04ADA68FC2E7}.Debug|x64.ActiveCfg = Debug|x64
		{22779231-1F60-4750-AFD3-04ADA68FC2E7}.Debug|x64.Build.0 = Debug|x64
		{22779231-1F60-4750-AFD3-04ADA68FC2E7}.Debug|x86.ActiveCfg = Debug|Win32
		{22779231-1F60-4750-AFD3-04ADA68FC2E7}.Debug|x86.Build.0 = Debug|Win32
		{22779231-1F60-4750-AFD3-04ADA68FC2E7}.Release|x64.ActiveCfg = Release|x64
		{22779231-1F60-4750-AFD3-04ADA68FC2E7}.Release|x64.Build.0 = Release|x64
		{22779231-1F60-4750-AFD3-04ADA68FC2E7}.Release|x86.ActiveCfg = Release|Win32
		{22779231-1F60-4750-AFD3-04ADA68FC2E7}.Release|x86.Build.0 = Release|Win32
		{B7F33467-C8C7-478D-9E65-F676E6A92320}.Debug|x64.ActiveCfg = Debug|x64
		{B7F33467-C8C7-478D-9E65-F676E6A92320}.Debug|x64.Build.0 = Debug|x64
		{B7F33467-C8C7-478D-9E65-F676E6A92320}.Debug|x86.ActiveCfg = Debug|Win32
		{B7F33467-C8C7-478D-9E65-F676E6A92320}.Debug|x86.Build.0 = Debug|Win32
		{B7F33467-C8C7-478D-9E65-F676E6A92320}.Release|x64.ActiveCfg = Release|x64
		{B7F33467-C8C7-478D-9E65-F676E6A92320}.Release|x64.Build.0 = Release|x64
		{B7F33467-C8C7-478D-9E65-F676E6A92320}.Release|x86.ActiveCfg = Release|Win32
		{B7F33467-C8C7-478D-9E65-F676E6A92320}.Release|x86.Build.0 = Release|Win32
		{E82118DA-1300-4F81-A98C-5D8E3B28B33B}.Debug|x64.ActiveCfg = Debug|x64
		{E82118DA-1300-4F81-A98C-5D8E3B28B33B}.Debug|x64.Build.0 = Debug|x64
		{E82118DA-1300-4F81-A98C-5D8E3B28B33B}.Debug|x86.ActiveCfg = Debug|Win32
		{E82118DA-1300-4F81-A98C-5D8E3B28B33B}.Debug|x86.Build.0 = Debug|Win32
		{E82118DA-1300-4F81-A98C-5D8E3B28B33B}.Release|x64.ActiveCfg = Release|x64
		{E82118DA-1300-4F81-A98C-5D8E3B28B33B}.Release|x64.Build.0 = Release|x64
		{E82118DA-1300-4F81-A98C-5D8E3B28B33B}.Release|x86.ActiveCfg = Release|Win32
		{E82118DA-1300-4F81-A98C-5D8E3B28B33B}.Release|x86.Build.0 = Release|Win32
		{35AC3DF9-63BB-4AA0-86BA-82E4C5C5804C}.Debug|x64.ActiveCfg = Debug|x64
		{35AC3DF9-63BB-4AA0-86BA-82E4C5C5804C}.Debug|x64.Build.0 = Debug|x64
		{35AC3DF9-63BB-4AA0-86BA-82E4C5C5804C}.Debug|x86.ActiveCfg = Debug|Win32
		{35AC3DF9-63BB-4AA0-86BA-82E4C5C5804C}.Debug|x86.Build.0 = Debug|Win32
		{35AC3DF9-63BB-4AA0-86BA-82E4C5C5804C}.Release|x64.ActiveCfg = Release|x64
		{35AC3DF9-63BB-4AA0-86BA-82E4C5C5804C}.Release|x64.Build.0 = Release|x64
		{35AC3DF9-63BB-4AA0-86BA-82E4C5C5804C}.Release|x86.ActiveCfg = Release|Win32
		{35AC3DF9-63BB-4AA0-86BA-82E4C5C5804C}.Release|x86.Build.0 = Release|Win32
		{E94EE62E-3C7B-43BF-B6CE-B25BF546C496}.Debug|x64.ActiveCfg = Debug|x64
		{E94EE62E-3C7B-43BF-B6CE-B25BF546C496}.Debug|x64.Build.0 = Debug|x64
		{E94EE62E-3C7B-43BF-B6CE-B25BF546C496}.Debug|x86.ActiveCfg = Debug|Win32
		{E94EE62E-3C7B-43BF-B6CE-B25BF546C496}.Debug|x86.Build.0 = Debug|Win32
		{E94EE62E-3C7B-43BF-B6CE-B25BF546C496}.Release|x64.ActiveCfg = Release|x64
		{E94EE62E-3C7B-43BF-B6CE-B25BF546C496}.Release|x64.Build.0 = Release|x64
		{E94EE62E-3C7B-43BF-B6CE-B25BF546C496}.Release|x86.ActiveCfg = Release|Win32
		{E94EE62E-3C7B-43BF-B6CE-B25BF546C496}.Release|x86.Build.0 = Release|Win32
		{97E74B4F-5E57-4582-912C-26F475650981}.Debug|x64.ActiveCfg = Debug|x64
		{97E74B4F-5E57-4582-912C-26F475650981}.Debug|x64.Build.0 = Debug|x64
		{97E74B4F-5E57-4582-912C-26F475650981}.Debug|x86.ActiveCfg = Debug|Win32
		{97E74B4F-5E57-4582-912C-26F475650981}.Debug|x86.Build.0 = Debug|Win32
		{97E74B4F-5E57-4582-912C-26F475650981}.Release|x64.ActiveCfg = Release|x64
		{97E74B4F-5E57-4582-912C-26F475650981}.Release|x64.Build.0 = Release|x64
		{97E74B4F-5E57-4582-912C-26F475650981}.Release|x86.ActiveCfg = Release|Win32
		{97E74B4F-5E57-4582-912C-26F475650981}.Release|x86.Build.0 = Release|Win32
		{C5A627D1-221A-47D6-B929-F5A677A0CFAA}.Debug|x64.ActiveCfg = Debug|x64
		{C5A627D1-221A-47D6-B929-F5A677A0CFAA}.Debug|x64.Build.0 = Debug|x64
		{C5A627D1-221A-47D6-B929-F5A677A0CFAA}.Debug|x86.ActiveCfg = Debug|Win32
		{C5A627D1-221A-47D6-B929-F5A677A0CFAA}.Debug|x86.Build.0 = Debug|Win32
		{C5A627D1-221A-47D6-B929-F5A677A0CFAA}.Release|x64.ActiveCfg = Release|x64
		{C5A627D1-221A-47D6-B929-F5A677A0CFAA}.Release|x64.Build.0 = Release|x64
		{C5A627D1-221A-47D6-B929-F5A677A0CFAA}.Release|x86.ActiveCfg = Release|Win32
		{C5A627D1-221A-47D6-B929-F5A677A0CFAA}.Release|x86.Build.0 = Release|Win32
		{02F7E7CA-ECA9-4EC0-9381-6DAE18AD7BE6}.Debug|x64.ActiveCfg = Debug|x64
		{02F7E7CA-ECA9-4EC0-9381-6DAE18AD7BE6}.Debug|x64.Build.0 = Debug|x64
		{02F7E7CA-ECA9-4EC0-9381-6DAE18AD7BE6}.Debug|x86.ActiveCfg = Debug|Win32
		{02F7E7CA-ECA9-4EC0-9381-6DAE18AD7BE6}.Debug|x86.Build.0 = Debug|Win32
		{02F7E7CA-ECA9-4EC0-9381-6DAE18AD7BE6}.Release|x64.ActiveCfg = Release|x64
		{02F7E7CA-ECA9-4EC0-9381-6DAE18AD7BE6}.Release|x64.Build.0 = Release|x64
		{02F7E7CA-ECA9-4EC0-9381-6DAE18AD7BE6}.Release|x86.ActiveCfg = Release|Win32
		{02F7E7CA-ECA9-4EC0-9381-6DAE18AD7BE6}.Release|x86.Build.0 = Release|Win32
		{9294B6E5-3A1D-4D44-8280-E5F751962F87}.Debug|x64.ActiveCfg = Debug|x64
		{9294B6E5-3A1D-4D44-8280-E5F751962F87}.Debug|x64.Build.0 = Debug|x64
		{9294B6E5-3A1D-4D44-8280-E5F751962F87}.Debug|x86.ActiveCfg = Debug|Win32
		{9294B6E5-3A1D-4D44-8280-E5F751962F87}.Debug|x86.Build.0 = Debug|Win32
		{9294B6E5-3A1D-4D44-8280-E5F751962F87}.Release|x64.ActiveCfg = Release|x64
		{9294B6E5-3A1D-4D44-8280-E5F751962F87}.Release|x64.Build.0 = Release|x64
		{9294B6E5-3A1D-4D44-8280-E5F751962F87}.Release|x86.ActiveCfg = Release|Win32
		{9294B6E5-3A1D-4D44-8280-E5F751962F87}.Release|x86.Build.0 = Release|Win32
		{D1C1BCE1-73E9-4015-BC04-77E03639F4EC}.Debug|x64.ActiveCfg = Debug|x64
		{D1C1BCE1-73E9-4015-BC04-77E03639F4EC}.Debug|x64.Build.0 = Debug|x64
		{D1C1BCE1-73E9-4015-BC04-77E03639F4EC}.Debug|x86.ActiveCfg = Debug|Win32
		{D1C1BCE1-73E9-4015-BC04-77E03639F4EC}.Debug|x86.Build.0 = Debug|Win32
		{D1C1BCE1-73E9-4015-BC04-77E03639F4EC}.Release|x64.ActiveCfg = Release|x64
		{D1C1BCE1-73E9-4015-BC04-77E03639F4EC}.Release|x64.Build.0 = Release|x64
		{D1C1BCE1-73E9-4015-BC04-77E03639F4EC}.Release|x86.ActiveCfg = Release|Win32
		{D1C1BCE1-73E9-4015-BC04-77E03639F4EC}.Release|x86.Build.0 = Release|Win32
		{0D1236A1-4EED-41FB-8D53-CB6ECD9F44AB}.Debug|x64.ActiveCfg = Debug|x64
		{0D1236A1-4EED-41FB-8D53-CB6ECD9F44AB}.Debug|x64.Build.0 = Debug|x64
		{0D1236A1-4EED-41FB-8D53-CB6ECD9F44AB}.Debug|x86.ActiveCfg = Debug|Win32
		{0D1236A1-4EED-41FB-8D53-CB6ECD9F44AB}.Debug|x86.Build.0 = Debug|Win32
		{0D1236A1-4EED-41FB-8D53-CB6ECD9F44AB}.Release|x64.ActiveCfg = Release|x64
		{0D1236A1-4EED-41FB-8D53-CB6ECD9F44AB}.Release|x64.Build.0 = Release|x64
		{0D1236A1-4EED-41FB-8D53-CB6ECD9F44AB}.Release|x86.ActiveCfg = Release|Win32
		{0D1236A1-4EED-41FB-8D53-CB6ECD9F44AB}.Release|x86.Build.0 = Release|Win32
		{9F9B6F39-06A6-44E2-AABD-DB119F5D1705}.Debug|x64.ActiveCfg = Debug|x64
		{9F9B6F39-06A6-44E2-AABD-DB119F5D1705}.Debug|x64.Build.0 = Debug|x64
		{9F9B6F39-06A6-44E2-AABD-DB119F5D1705}.Debug|x86.ActiveCfg = Debug|Win32
		{9F9B6F39-06A6-44E2-AABD-DB119F5D1705}.Debug|x86.Build.0 = Debug|Win32
		{9F9B6F39-06A6-44E2-AABD-DB119F5D1705}.Release|x64.ActiveCfg = Release|x64
		{9F9B6F39-06A6-44E2-AABD-DB119F5D1705}.Release|x64.Build.0 = Release|x64
		{9F9B6F39-06A6-44E2-AABD-DB119F5D1705}.Release|x86.ActiveCfg = Release|Win32
		{9F9B6F39-06A6-44E2-AABD-DB119F5D1705}.Release|x86.Build.0 = Release|Win32
		{1B6DAA80-01A5-4113-AC32-04650C20FEB9}.Debug|x64.ActiveCfg = Debug|x64
		{1B6DAA80-01A5-4113-AC32-04650C20FEB9}.Debug|x64.Build.0 = Debug|x64
		{1B6DAA80-01A5-4113-AC32-04650C20FEB9}.Debug|x86.ActiveCfg = Debug|Win32
		{1B6DAA80-01A5-4113-AC32-04650C20FEB9}.Debug|x86.Build.0 = Debug|Win32
		{1B6DAA80-01A5-4113-AC32-04650C20FEB9}.Release|x64.ActiveCfg = Release|x64
		{1B6DAA80-01A5-4113-AC32-04650C20FEB9}.Release|x64.Build.0 = Release|x64
		{1B6DAA80-01A5-4113-AC32-04650C20FEB9}.Release|x86.ActiveCfg = Release|Win32
		{1B6DAA80-01A5-4113-AC32-04650C20FEB9}.Release|x86.Build.0 = Release|Win32
		{112C23AD-BB00-4729-9EC9-5F81DCACE7A9}.Debug|x64.ActiveCfg = Debug|x64
		{112C23AD-BB00-4729-9EC9-5F81DCACE7A9}.Debug|x64.Build.0 = Debug|x64
		{112C23AD-BB00-4729-9EC9-5F81DCACE7A9}.Debug|x86.ActiveCfg = Debug|Win32
		{112C23AD-BB00-4729-9EC9-5F81DCACE7A9}.Debug|x86.Build.0 = Debug|Win32
		{112C23AD-BB00-4729-9EC9-5F81DCACE7A9}.Release|x64.ActiveCfg = Release|x64
		{112C23AD-BB00-4729-9EC9-5F81DCACE7A9}.Release|x64.Build.0 = Release|x64
		{112C23AD-BB00-4729-9EC9-5F81DCACE7A9}.Release|x86.ActiveCfg = Release|Win32
		{112C23AD-BB00-4729-9EC9-5F81DCACE7A9}.Release|x86.Build.0 = Release|Win32
		{46742442-B043-4C07-BC65-A97C6B99C77E}.Debug|x64.ActiveCfg = Debug|x64
		{46742442-B043-4C07-BC65-A97C6B99C77E}.Debug|x64.Build.0 = Debug|x64
		{46742442-B043-4C07-BC65-A97C6B99C77E}.Debug|x86.ActiveCfg = Debug|Win32
		{46742442-B043-4C07-BC65-A97C6B99C77E}.Debug|x86.Build.0 = Debug|Win32
		{46742442-B043-4C07-BC65-A97C6B99C77E}.Release|x64.ActiveCfg = Release|x64
		{46742442-B043-4C07-BC65-A97C6B99C77E}.Release|x64.Build.0 = Release|x64
		{46742442-B043-4C07-BC65-A97C6B99C77E}.Release|x86.ActiveCfg = Release|Win32
		{46742442-B043-4C07-BC65-A97C6B99C77E}.Release|x86.Build.0 = Release|Win32
		{2C228DBF-CAFF-4CE8-B601-33BB1B1787E1}.Debug|x64.ActiveCfg = Debug|x64
		{2C228DBF-CAFF-4CE8-B601-33BB1B1787E1}.Debug|x64.Build.0 = Debug|x64
		{2C228DBF-CAFF-4CE8-B601-33BB1B1787E1}.Debug|x86.ActiveCfg = Debug|Win32
		{2C228DBF-CAFF-4CE8-B601-33BB1B1787E1}.Debug|x86.Build.0 = Debug|Win32
		{2C228DBF-CAFF-4CE8-B601-33BB1B1787E1}.Release|x64.ActiveCfg = Release|x64
		{2C228DBF-CAFF-4CE8-B601-33BB1B1787E1}.Release|x64.Build.0 = Release|x64
		{2C228DBF-CAFF-4CE8-B601-33BB1B1787E1}.Release|x86.ActiveCfg = Release|Win32
		{2C228DBF-CAFF-4CE8-B601-33BB1B1787E1}.Release|x86.Build.0 = Release|Win32
		{F0779062-71B7-49D8-AF5C-3B658E239303}.Debug|x64.ActiveCfg = Debug|x64
		{F0779062-71B7-49D8-AF5C-3B658E239303}.Debug|x64.Build.0 = Debug|x64
		{F0779062-71B7-49D8-AF5C-3B658E239303}.Debug|x86.ActiveCfg = Debug|Win32
		{F0779062-71B7-49D8-AF5C-3B658E239303}.Debug|x86.Build.0 = Debug|Win32
		{F0779062-71B7-49D8-AF5C-3B658E239303}.Release|x64.ActiveCfg = Release|x64
		{F0779062-71B7-49D8-AF5C-3B658E239303}.Release|x64.Build.0 = Release|x64
		{F0779062-71B7-49D8-AF5C-3B658E239303}.Release|x86.ActiveCfg = Release|Win32
		{F0779062-71B7-49D8-AF5C-3B658E239303}.Release|x86.Build.0 = Release|Win32
		{15A6C20D-800C-453E-8B52-875A54ED2C60}.Debug|x64.ActiveCfg = Debug|x64
		{15A6C20D-800C-453E-8B52-875A54ED2C60}.Debug|x64.Build.0 = Debug|x64
		{15A6C20D-800C-453E-8B52-875A54ED2C60}.Debug|x86.ActiveCfg = Debug|Win32
		{15A6C20D-800C-453E-8B52-875A54ED2C60}.Debug|x86.Build.0 = Debug|Win32
		{15A6C20D-800C-453E-8B52-875A54ED2C60}.Release|x64.ActiveCfg = Release|x64
		{15A6C20D-800C-453E-8B52-875A54ED2C60}.Release|x64.Build.0 = Release|x64
		{15A6C20D-800C-453E-8B52-875A54ED2C60}.Release|x86.ActiveCfg = Release|Win32
		{15A6C20D-800C-453E-8B52-875A54ED2C60}.Release|x86.Build.0 = Release|Win32
		{38969F3A-595C-455B-99FF-83C09E346AA6}.Debug|x64.ActiveCfg = Debug|x64
		{38969F3A-595C-455B-99FF-83C09E346AA6}.Debug|x64.Build.0 = Debug|x64
		{38969F3A-595C-455B-99FF-83C09E346AA6}.Debug|x86.ActiveCfg = Debug|Win32
		{38969F3A-595C-455B-99FF-83C09E346AA6}.Debug|x86.Build.0 = Debug|Win32
		{38969F3A-595C-455B-99FF-83C09E346AA6}.Release|x64.ActiveCfg = Release|x64
		{38969F3A-595C-455B-99FF-83C09E346AA6}.Release|x64.Build.0 = Release|x64
		{38969F3A-595C-455B-99FF-83C09E346AA6}.Release|x86.ActiveCfg = Release|Win32
		{38969F3A-595C-455B-99FF-83C09E346AA6}.Release|x86.Build.0 = Release|Win32
		{AC469D0F-8492-4C9E-9A38-83799F73DE17}.Debug|x64.ActiveCfg = Debug|x64
		{AC469D0F-8492-4C9E-9A38-83799F73DE17}.Debug|x64.Build.0 = Debug|x64
		{AC469D0F-8492-4C9E-9A38-83799F73DE17}.Debug|x86.ActiveCfg = Debug|Win32
		{AC469D0F-8492-4C9E-9A38-83799F73DE17}.Debug|x86.Build.0 = Debug|Win32
		{AC469D0F-8492-4C9E-9A38-83799F73DE17}.Release|x64.ActiveCfg = Release|x64
		{AC469D0F-8492-4C9E-9A38-83799F73DE17}.Release|x64.Build.0 = Release|x64
		{AC469D0F-8492-4C9E-9A38-83799F73DE17}.Release|x86.ActiveCfg = Release|Win32
		{AC469D0F-8492-4C9E-9A38-83799F73DE17}.Release|x86.Build.0 = Release|Win32
		{14F3287D-7B46-4854-AAFC-CE6E3B568BAB}.Debug|x64.ActiveCfg = Debug|x64
		{14F3287D-7B46-4854-AAFC-CE6E3B568BAB}.Debug|x64.Build.0 = Debug|x64
		{14F3287D-7B46-4854-AAFC-CE6E3B568BAB}.Debug|x86.ActiveCfg = Debug|Win32
		{14F3287D-7B46-4854-AAFC-CE6E3B568BAB}.Debug|x86.Build.0 = Debug|Win32
		{14F3287D-7B46-4854-AAFC-CE6E3B568BAB}.Release|x64.ActiveCfg = Release|x64
		{14F3287D-7B46-4854-AAFC-CE6E3B568BAB}.Release|x64.Build.0 = Release|x64
		{14F3287D-7B46-4854-AAFC-CE6E3B568BAB}.Release|x86.ActiveCfg = Release|Win32
		{14F3287D-7B46-4854-AAFC-CE6E3B568BAB}.Release|x86.Build.0 = Release|Win32
	EndGlobalSection
	GlobalSection(SolutionProperties) = preSolution
		HideSolutionNode = FALSE
	EndGlobalSection
EndGlobal
